
Microsoft Visual Studio Solution File, Format Version 12.00
# Visual Studio Version 16
VisualStudioVersion = 16.0.29609.76
MinimumVisualStudioVersion = 10.0.40219.1
Project("{FAE04EC0-301F-11D3-BF4B-00C04F79EFBC}") = "LuceneQueryBuilder", "LuceneQueryBuilder\LuceneQueryBuilder.csproj", "{33A0D622-64CE-4BB0-B456-44C61E98077B}"
EndProject
Project("{FAE04EC0-301F-11D3-BF4B-00C04F79EFBC}") = "Test", "Test\Test.csproj", "{3DBBBCBB-303D-4BEC-AA05-0FEE851051CD}"
EndProject
Global
	GlobalSection(SolutionConfigurationPlatforms) = preSolution
		Debug|Any CPU = Debug|Any CPU
		Release|Any CPU = Release|Any CPU
	EndGlobalSection
	GlobalSection(ProjectConfigurationPlatforms) = postSolution
		{33A0D622-64CE-4BB0-B456-44C61E98077B}.Debug|Any CPU.ActiveCfg = Debug|Any CPU
		{33A0D622-64CE-4BB0-B456-44C61E98077B}.Debug|Any CPU.Build.0 = Debug|Any CPU
		{33A0D622-64CE-4BB0-B456-44C61E98077B}.Release|Any CPU.ActiveCfg = Release|Any CPU
		{33A0D622-64CE-4BB0-B456-44C61E98077B}.Release|Any CPU.Build.0 = Release|Any CPU
		{3DBBBCBB-303D-4BEC-AA05-0FEE851051CD}.Debug|Any CPU.ActiveCfg = Debug|Any CPU
		{3DBBBCBB-303D-4BEC-AA05-0FEE851051CD}.Debug|Any CPU.Build.0 = Debug|Any CPU
		{3DBBBCBB-303D-4BEC-AA05-0FEE851051CD}.Release|Any CPU.ActiveCfg = Release|Any CPU
		{3DBBBCBB-303D-4BEC-AA05-0FEE851051CD}.Release|Any CPU.Build.0 = Release|Any CPU
	EndGlobalSection
	GlobalSection(SolutionProperties) = preSolution
		HideSolutionNode = FALSE
	EndGlobalSection
	GlobalSection(ExtensibilityGlobals) = postSolution
		SolutionGuid = {28F68237-29C6-4D90-A2B1-F2CEBC9411F0}
	EndGlobalSection
EndGlobal
